{
  "name": "frappe_erpnext",
  "lockfileVersion": 3,
  "requires": true,
  "packages": {
    "": {
      "dependencies": {
        "nice-napi": "^1.0.2",
        "yarn": "^1.22.19"
      }
    },
    "node_modules/nice-napi": {
      "version": "1.0.2",
      "resolved": "https://registry.npmjs.org/nice-napi/-/nice-napi-1.0.2.tgz",
      "integrity": "sha512-px/KnJAJZf5RuBGcfD+Sp2pAKq0ytz8j+1NehvgIGFkvtvFrDM3T8E4x/JJODXK9WZow8RRGrbA9QQ3hs+pDhA==",
      "hasInstallScript": true,
      "os": [
        "!win32"
      ],
      "dependencies": {
        "node-addon-api": "^3.0.0",
        "node-gyp-build": "^4.2.2"
      }
    },
    "node_modules/node-addon-api": {
      "version": "3.2.1",
      "resolved": "https://registry.npmjs.org/node-addon-api/-/node-addon-api-3.2.1.tgz",
      "integrity": "sha512-mmcei9JghVNDYydghQmeDX8KoAm0FAiYyIcUt/N4nhyAipB17pllZQDOJD2fotxABnt4Mdz+dKTO7eftLg4d0A=="
    },
    "node_modules/node-gyp-build": {
      "version": "4.6.1",
      "resolved": "https://registry.npmjs.org/node-gyp-build/-/node-gyp-build-4.6.1.tgz",
      "integrity": "sha512-24vnklJmyRS8ViBNI8KbtK/r/DmXQMRiOMXTNz2nrTnAYUwjmEEbnnpB/+kt+yWRv73bPsSPRFddrcIbAxSiMQ==",
      "bin": {
        "node-gyp-build": "bin.js",
        "node-gyp-build-optional": "optional.js",
        "node-gyp-build-test": "build-test.js"
      }
    },
    "node_modules/yarn": {
      "version": "1.22.19",
      "resolved": "https://registry.npmjs.org/yarn/-/yarn-1.22.19.tgz",
      "integrity": "sha512-/0V5q0WbslqnwP91tirOvldvYISzaqhClxzyUKXYxs07yUILIs5jx/k6CFe8bvKSkds5w+eiOqta39Wk3WxdcQ==",
      "hasInstallScript": true,
      "bin": {
        "yarn": "bin/yarn.js",
        "yarnpkg": "bin/yarn.js"
      },
      "engines": {
        "node": ">=4.0.0"
      }
    }
  }
}
